
Microsoft Visual Studio Solution File, Format Version 12.00
# Visual Studio Version 17
VisualStudioVersion = 17.13.35931.197 d17.13
MinimumVisualStudioVersion = 10.0.40219.1
Project("{2150E333-8FDC-42A3-9474-1A3956D46DE8}") = "Services", "Services", "{02EA681E-C7D8-13C7-8484-4AC65E1B71E8}"
EndProject
Project("{2150E333-8FDC-42A3-9474-1A3956D46DE8}") = "BuildingBlocks", "BuildingBlocks", "{22DC72D7-8309-42BC-BFC0-1CA5BF84F42B}"
EndProject
Project("{2150E333-8FDC-42A3-9474-1A3956D46DE8}") = "SharedKernel", "SharedKernel", "{D26999BF-094D-423F-ACC0-4178F3FF4DED}"
EndProject
Project("{FAE04EC0-301F-11D3-BF4B-00C04F79EFBC}") = "BuildingBlocks.Common", "BuildingBlocks.Common\BuildingBlocks.Common.csproj", "{036302DC-B24A-4B7E-8CF7-D6FA8CF0F143}"
EndProject
Project("{FAE04EC0-301F-11D3-BF4B-00C04F79EFBC}") = "BuildingBlocks.Logging", "BuildingBlocks.Logging\BuildingBlocks.Logging.csproj", "{8718CFF4-EB72-4E69-BDA3-713FABA024A3}"
EndProject
Project("{FAE04EC0-301F-11D3-BF4B-00C04F79EFBC}") = "BuildingBlocks.Middleware", "BuildingBlocks.Middleware\BuildingBlocks.Middleware.csproj", "{9A5247FD-1209-4618-97BC-046E83762C37}"
EndProject
Project("{FAE04EC0-301F-11D3-BF4B-00C04F79EFBC}") = "BuildingBlocks.Messaging", "BuildingBlocks.Messaging\BuildingBlocks.Messaging.csproj", "{E427CBB6-6FE0-4D86-A357-A14D955CAA8F}"
EndProject
Project("{FAE04EC0-301F-11D3-BF4B-00C04F79EFBC}") = "BuildingBlocks.Caching", "BuildingBlocks.Caching\BuildingBlocks.Caching.csproj", "{9706AF27-6BF0-4E59-9DA1-C407CEE96616}"
EndProject
Project("{2150E333-8FDC-42A3-9474-1A3956D46DE8}") = "IdentityService", "IdentityService", "{D2E24285-7D51-444D-B83E-43808E52183B}"
EndProject
Project("{FAE04EC0-301F-11D3-BF4B-00C04F79EFBC}") = "IdentityService.API", "IdentityService.API\IdentityService.API.csproj", "{388747B1-F459-4747-96A1-B2927E5B33A7}"
EndProject
Project("{FAE04EC0-301F-11D3-BF4B-00C04F79EFBC}") = "IdentityService.Application", "IdentityService.Application\IdentityService.Application.csproj", "{FD4F6124-C586-45FF-A539-C72E677FC60A}"
EndProject
Project("{FAE04EC0-301F-11D3-BF4B-00C04F79EFBC}") = "IdentityService.Domain", "IdentityService.Domain\IdentityService.Domain.csproj", "{A0E7FFE4-3E35-4AD2-92DA-4B9E7B9BBFA7}"
EndProject
Project("{FAE04EC0-301F-11D3-BF4B-00C04F79EFBC}") = "IdentityService.Infrastructure", "IdentityService.Infrastructure\IdentityService.Infrastructure.csproj", "{E8AB11ED-8180-4C2A-9491-EFC084E3F5E9}"
EndProject
Project("{FAE04EC0-301F-11D3-BF4B-00C04F79EFBC}") = "IdentityService.Database", "IdentityService.Database\IdentityService.Database.csproj", "{D9B36F0A-6BE0-4252-B0E8-47567B394040}"
EndProject
Project("{2150E333-8FDC-42A3-9474-1A3956D46DE8}") = "ProductService", "ProductService", "{45C2DBB0-B5FB-4AB5-91BD-BD925065C829}"
EndProject
Project("{FAE04EC0-301F-11D3-BF4B-00C04F79EFBC}") = "ProductService.API", "ProductService.API\ProductService.API.csproj", "{32E2403C-903C-4A93-8DBB-289E814AD6F0}"
EndProject
Project("{FAE04EC0-301F-11D3-BF4B-00C04F79EFBC}") = "ProductService.Application", "ProductService.Application\ProductService.Application.csproj", "{E75551F7-2C82-4A97-8F89-6CBEE69421AA}"
EndProject
Project("{FAE04EC0-301F-11D3-BF4B-00C04F79EFBC}") = "ProductService.Domain", "ProductService.Domain\ProductService.Domain.csproj", "{2E312AF4-1A1B-4645-A184-F845C3CA949C}"
EndProject
Project("{FAE04EC0-301F-11D3-BF4B-00C04F79EFBC}") = "ProductService.Infrastructure", "ProductService.Infrastructure\ProductService.Infrastructure.csproj", "{13702AAC-C53C-42FE-BBF5-E7197241D982}"
EndProject
Project("{FAE04EC0-301F-11D3-BF4B-00C04F79EFBC}") = "ProductService.Database", "ProductService.Database\ProductService.Database.csproj", "{25783E77-9ACB-46A0-B937-4FD02798B795}"
EndProject
Project("{2150E333-8FDC-42A3-9474-1A3956D46DE8}") = "OrderService", "OrderService", "{B92C49D7-A599-4F8A-835B-F57B3ACDA59F}"
EndProject
Project("{2150E333-8FDC-42A3-9474-1A3956D46DE8}") = "InventoryService", "InventoryService", "{572D5645-D4F7-44D6-BE00-C4FD1480E65B}"
EndProject
Project("{2150E333-8FDC-42A3-9474-1A3956D46DE8}") = "NotificationService", "NotificationService", "{8B9C594B-22B7-425B-8922-9BCC70E77BE0}"
EndProject
Project("{2150E333-8FDC-42A3-9474-1A3956D46DE8}") = "ChatBotService", "ChatBotService", "{02E74AC0-5484-45E1-9E66-6B8C8851C1C1}"
EndProject
Project("{2150E333-8FDC-42A3-9474-1A3956D46DE8}") = "LoggingService", "LoggingService", "{F7AF9895-48B5-42A8-A61D-E989D9FE41F5}"
EndProject
Project("{FAE04EC0-301F-11D3-BF4B-00C04F79EFBC}") = "OrderService.API", "OrderService.API\OrderService.API.csproj", "{C8B2456E-73CA-4994-BBDA-884C5B6CABF7}"
EndProject
Project("{FAE04EC0-301F-11D3-BF4B-00C04F79EFBC}") = "OrderService.Application", "OrderService.Application\OrderService.Application.csproj", "{845B837B-C2AD-4D90-BE77-FB82A6F67BAE}"
EndProject
Project("{FAE04EC0-301F-11D3-BF4B-00C04F79EFBC}") = "OrderService.Domain", "OrderService.Domain\OrderService.Domain.csproj", "{BA82EFD9-E120-4243-A086-B9FAC8A00BF6}"
EndProject
Project("{FAE04EC0-301F-11D3-BF4B-00C04F79EFBC}") = "OrderService.Infrastructure", "OrderService.Infrastructure\OrderService.Infrastructure.csproj", "{6602C83C-0551-4EBA-8E63-C6C904108C0E}"
EndProject
Project("{FAE04EC0-301F-11D3-BF4B-00C04F79EFBC}") = "OrderService.Database", "OrderService.Database\OrderService.Database.csproj", "{9FE6D3F5-36F4-4770-8E93-C58BCF6552B9}"
EndProject
Project("{FAE04EC0-301F-11D3-BF4B-00C04F79EFBC}") = "InventoryService.API", "InventoryService.API\InventoryService.API.csproj", "{184F354C-88CE-4D93-8C75-B5450F5BF426}"
EndProject
Project("{FAE04EC0-301F-11D3-BF4B-00C04F79EFBC}") = "InventoryService.Application", "InventoryService.Application\InventoryService.Application.csproj", "{6690CAAC-3849-4C52-8369-081FA154AA89}"
EndProject
Project("{FAE04EC0-301F-11D3-BF4B-00C04F79EFBC}") = "InventoryService.Domain", "InventoryService.Domain\InventoryService.Domain.csproj", "{9F3743C7-E55E-4414-AAF8-D0920499F64D}"
EndProject
Project("{FAE04EC0-301F-11D3-BF4B-00C04F79EFBC}") = "InventoryService.Infrastructure", "InventoryService.Infrastructure\InventoryService.Infrastructure.csproj", "{FF6566F1-A86D-4FB0-8D32-8DE34E9D2507}"
EndProject
Project("{FAE04EC0-301F-11D3-BF4B-00C04F79EFBC}") = "InventoryService.Database", "InventoryService.Database\InventoryService.Database.csproj", "{6D2BCF76-5CCC-4CA3-8071-52E49E70744F}"
EndProject
Project("{FAE04EC0-301F-11D3-BF4B-00C04F79EFBC}") = "NotificationService.API", "NotificationService.API\NotificationService.API.csproj", "{0E751560-0A79-4480-A84F-01C6F6F8F33A}"
EndProject
Project("{FAE04EC0-301F-11D3-BF4B-00C04F79EFBC}") = "NotificationService.Infrastructure", "NotificationService.Infrastructure\NotificationService.Infrastructure.csproj", "{33BCA0B3-F28A-43C8-A141-B3CE4FFAAF76}"
EndProject
Project("{FAE04EC0-301F-11D3-BF4B-00C04F79EFBC}") = "NotificationService.Consumers", "NotificationService.Consumers\NotificationService.Consumers.csproj", "{BF2AC702-9593-4BBD-A771-AB1AF657C401}"
EndProject
Project("{FAE04EC0-301F-11D3-BF4B-00C04F79EFBC}") = "ChatBotService.API", "ChatBotService.API\ChatBotService.API.csproj", "{54DF56D0-7565-460D-B8E6-3DDFBF2D47A4}"
EndProject
Project("{FAE04EC0-301F-11D3-BF4B-00C04F79EFBC}") = "ChatBotService.Infrastructure", "ChatBotService.Infrastructure\ChatBotService.Infrastructure.csproj", "{DF0645EB-B9CA-4681-A027-9BA116245CE8}"
EndProject
Project("{FAE04EC0-301F-11D3-BF4B-00C04F79EFBC}") = "LoggingService.API", "LoggingService.API\LoggingService.API.csproj", "{5A558ACE-3728-4AEA-A434-1D81E69E8A27}"
EndProject
Project("{FAE04EC0-301F-11D3-BF4B-00C04F79EFBC}") = "LoggingService.Infrastructure", "LoggingService.Infrastructure\LoggingService.Infrastructure.csproj", "{53F5C7E7-DEC1-4B37-B8E3-6AD76D8327A7}"
EndProject
Project("{FAE04EC0-301F-11D3-BF4B-00C04F79EFBC}") = "SharedKernel", "SharedKernel\SharedKernel.csproj", "{0E779312-023E-437F-9F44-F432A573C6F3}"
EndProject
Global
	GlobalSection(SolutionConfigurationPlatforms) = preSolution
		Debug|Any CPU = Debug|Any CPU
		Release|Any CPU = Release|Any CPU
	EndGlobalSection
	GlobalSection(ProjectConfigurationPlatforms) = postSolution
		{036302DC-B24A-4B7E-8CF7-D6FA8CF0F143}.Debug|Any CPU.ActiveCfg = Debug|Any CPU
		{036302DC-B24A-4B7E-8CF7-D6FA8CF0F143}.Debug|Any CPU.Build.0 = Debug|Any CPU
		{036302DC-B24A-4B7E-8CF7-D6FA8CF0F143}.Release|Any CPU.ActiveCfg = Release|Any CPU
		{036302DC-B24A-4B7E-8CF7-D6FA8CF0F143}.Release|Any CPU.Build.0 = Release|Any CPU
		{8718CFF4-EB72-4E69-BDA3-713FABA024A3}.Debug|Any CPU.ActiveCfg = Debug|Any CPU
		{8718CFF4-EB72-4E69-BDA3-713FABA024A3}.Debug|Any CPU.Build.0 = Debug|Any CPU
		{8718CFF4-EB72-4E69-BDA3-713FABA024A3}.Release|Any CPU.ActiveCfg = Release|Any CPU
		{8718CFF4-EB72-4E69-BDA3-713FABA024A3}.Release|Any CPU.Build.0 = Release|Any CPU
		{9A5247FD-1209-4618-97BC-046E83762C37}.Debug|Any CPU.ActiveCfg = Debug|Any CPU
		{9A5247FD-1209-4618-97BC-046E83762C37}.Debug|Any CPU.Build.0 = Debug|Any CPU
		{9A5247FD-1209-4618-97BC-046E83762C37}.Release|Any CPU.ActiveCfg = Release|Any CPU
		{9A5247FD-1209-4618-97BC-046E83762C37}.Release|Any CPU.Build.0 = Release|Any CPU
		{E427CBB6-6FE0-4D86-A357-A14D955CAA8F}.Debug|Any CPU.ActiveCfg = Debug|Any CPU
		{E427CBB6-6FE0-4D86-A357-A14D955CAA8F}.Debug|Any CPU.Build.0 = Debug|Any CPU
		{E427CBB6-6FE0-4D86-A357-A14D955CAA8F}.Release|Any CPU.ActiveCfg = Release|Any CPU
		{E427CBB6-6FE0-4D86-A357-A14D955CAA8F}.Release|Any CPU.Build.0 = Release|Any CPU
		{9706AF27-6BF0-4E59-9DA1-C407CEE96616}.Debug|Any CPU.ActiveCfg = Debug|Any CPU
		{9706AF27-6BF0-4E59-9DA1-C407CEE96616}.Debug|Any CPU.Build.0 = Debug|Any CPU
		{9706AF27-6BF0-4E59-9DA1-C407CEE96616}.Release|Any CPU.ActiveCfg = Release|Any CPU
		{9706AF27-6BF0-4E59-9DA1-C407CEE96616}.Release|Any CPU.Build.0 = Release|Any CPU
		{388747B1-F459-4747-96A1-B2927E5B33A7}.Debug|Any CPU.ActiveCfg = Debug|Any CPU
		{388747B1-F459-4747-96A1-B2927E5B33A7}.Debug|Any CPU.Build.0 = Debug|Any CPU
		{388747B1-F459-4747-96A1-B2927E5B33A7}.Release|Any CPU.ActiveCfg = Release|Any CPU
		{388747B1-F459-4747-96A1-B2927E5B33A7}.Release|Any CPU.Build.0 = Release|Any CPU
		{FD4F6124-C586-45FF-A539-C72E677FC60A}.Debug|Any CPU.ActiveCfg = Debug|Any CPU
		{FD4F6124-C586-45FF-A539-C72E677FC60A}.Debug|Any CPU.Build.0 = Debug|Any CPU
		{FD4F6124-C586-45FF-A539-C72E677FC60A}.Release|Any CPU.ActiveCfg = Release|Any CPU
		{FD4F6124-C586-45FF-A539-C72E677FC60A}.Release|Any CPU.Build.0 = Release|Any CPU
		{A0E7FFE4-3E35-4AD2-92DA-4B9E7B9BBFA7}.Debug|Any CPU.ActiveCfg = Debug|Any CPU
		{A0E7FFE4-3E35-4AD2-92DA-4B9E7B9BBFA7}.Debug|Any CPU.Build.0 = Debug|Any CPU
		{A0E7FFE4-3E35-4AD2-92DA-4B9E7B9BBFA7}.Release|Any CPU.ActiveCfg = Release|Any CPU
		{A0E7FFE4-3E35-4AD2-92DA-4B9E7B9BBFA7}.Release|Any CPU.Build.0 = Release|Any CPU
		{E8AB11ED-8180-4C2A-9491-EFC084E3F5E9}.Debug|Any CPU.ActiveCfg = Debug|Any CPU
		{E8AB11ED-8180-4C2A-9491-EFC084E3F5E9}.Debug|Any CPU.Build.0 = Debug|Any CPU
		{E8AB11ED-8180-4C2A-9491-EFC084E3F5E9}.Release|Any CPU.ActiveCfg = Release|Any CPU
		{E8AB11ED-8180-4C2A-9491-EFC084E3F5E9}.Release|Any CPU.Build.0 = Release|Any CPU
		{D9B36F0A-6BE0-4252-B0E8-47567B394040}.Debug|Any CPU.ActiveCfg = Debug|Any CPU
		{D9B36F0A-6BE0-4252-B0E8-47567B394040}.Debug|Any CPU.Build.0 = Debug|Any CPU
		{D9B36F0A-6BE0-4252-B0E8-47567B394040}.Release|Any CPU.ActiveCfg = Release|Any CPU
		{D9B36F0A-6BE0-4252-B0E8-47567B394040}.Release|Any CPU.Build.0 = Release|Any CPU
		{32E2403C-903C-4A93-8DBB-289E814AD6F0}.Debug|Any CPU.ActiveCfg = Debug|Any CPU
		{32E2403C-903C-4A93-8DBB-289E814AD6F0}.Debug|Any CPU.Build.0 = Debug|Any CPU
		{32E2403C-903C-4A93-8DBB-289E814AD6F0}.Release|Any CPU.ActiveCfg = Release|Any CPU
		{32E2403C-903C-4A93-8DBB-289E814AD6F0}.Release|Any CPU.Build.0 = Release|Any CPU
		{E75551F7-2C82-4A97-8F89-6CBEE69421AA}.Debug|Any CPU.ActiveCfg = Debug|Any CPU
		{E75551F7-2C82-4A97-8F89-6CBEE69421AA}.Debug|Any CPU.Build.0 = Debug|Any CPU
		{E75551F7-2C82-4A97-8F89-6CBEE69421AA}.Release|Any CPU.ActiveCfg = Release|Any CPU
		{E75551F7-2C82-4A97-8F89-6CBEE69421AA}.Release|Any CPU.Build.0 = Release|Any CPU
		{2E312AF4-1A1B-4645-A184-F845C3CA949C}.Debug|Any CPU.ActiveCfg = Debug|Any CPU
		{2E312AF4-1A1B-4645-A184-F845C3CA949C}.Debug|Any CPU.Build.0 = Debug|Any CPU
		{2E312AF4-1A1B-4645-A184-F845C3CA949C}.Release|Any CPU.ActiveCfg = Release|Any CPU
		{2E312AF4-1A1B-4645-A184-F845C3CA949C}.Release|Any CPU.Build.0 = Release|Any CPU
		{13702AAC-C53C-42FE-BBF5-E7197241D982}.Debug|Any CPU.ActiveCfg = Debug|Any CPU
		{13702AAC-C53C-42FE-BBF5-E7197241D982}.Debug|Any CPU.Build.0 = Debug|Any CPU
		{13702AAC-C53C-42FE-BBF5-E7197241D982}.Release|Any CPU.ActiveCfg = Release|Any CPU
		{13702AAC-C53C-42FE-BBF5-E7197241D982}.Release|Any CPU.Build.0 = Release|Any CPU
		{25783E77-9ACB-46A0-B937-4FD02798B795}.Debug|Any CPU.ActiveCfg = Debug|Any CPU
		{25783E77-9ACB-46A0-B937-4FD02798B795}.Debug|Any CPU.Build.0 = Debug|Any CPU
		{25783E77-9ACB-46A0-B937-4FD02798B795}.Release|Any CPU.ActiveCfg = Release|Any CPU
		{25783E77-9ACB-46A0-B937-4FD02798B795}.Release|Any CPU.Build.0 = Release|Any CPU
		{C8B2456E-73CA-4994-BBDA-884C5B6CABF7}.Debug|Any CPU.ActiveCfg = Debug|Any CPU
		{C8B2456E-73CA-4994-BBDA-884C5B6CABF7}.Debug|Any CPU.Build.0 = Debug|Any CPU
		{C8B2456E-73CA-4994-BBDA-884C5B6CABF7}.Release|Any CPU.ActiveCfg = Release|Any CPU
		{C8B2456E-73CA-4994-BBDA-884C5B6CABF7}.Release|Any CPU.Build.0 = Release|Any CPU
		{845B837B-C2AD-4D90-BE77-FB82A6F67BAE}.Debug|Any CPU.ActiveCfg = Debug|Any CPU
		{845B837B-C2AD-4D90-BE77-FB82A6F67BAE}.Debug|Any CPU.Build.0 = Debug|Any CPU
		{845B837B-C2AD-4D90-BE77-FB82A6F67BAE}.Release|Any CPU.ActiveCfg = Release|Any CPU
		{845B837B-C2AD-4D90-BE77-FB82A6F67BAE}.Release|Any CPU.Build.0 = Release|Any CPU
		{BA82EFD9-E120-4243-A086-B9FAC8A00BF6}.Debug|Any CPU.ActiveCfg = Debug|Any CPU
		{BA82EFD9-E120-4243-A086-B9FAC8A00BF6}.Debug|Any CPU.Build.0 = Debug|Any CPU
		{BA82EFD9-E120-4243-A086-B9FAC8A00BF6}.Release|Any CPU.ActiveCfg = Release|Any CPU
		{BA82EFD9-E120-4243-A086-B9FAC8A00BF6}.Release|Any CPU.Build.0 = Release|Any CPU
		{6602C83C-0551-4EBA-8E63-C6C904108C0E}.Debug|Any CPU.ActiveCfg = Debug|Any CPU
		{6602C83C-0551-4EBA-8E63-C6C904108C0E}.Debug|Any CPU.Build.0 = Debug|Any CPU
		{6602C83C-0551-4EBA-8E63-C6C904108C0E}.Release|Any CPU.ActiveCfg = Release|Any CPU
		{6602C83C-0551-4EBA-8E63-C6C904108C0E}.Release|Any CPU.Build.0 = Release|Any CPU
		{9FE6D3F5-36F4-4770-8E93-C58BCF6552B9}.Debug|Any CPU.ActiveCfg = Debug|Any CPU
		{9FE6D3F5-36F4-4770-8E93-C58BCF6552B9}.Debug|Any CPU.Build.0 = Debug|Any CPU
		{9FE6D3F5-36F4-4770-8E93-C58BCF6552B9}.Release|Any CPU.ActiveCfg = Release|Any CPU
		{9FE6D3F5-36F4-4770-8E93-C58BCF6552B9}.Release|Any CPU.Build.0 = Release|Any CPU
		{184F354C-88CE-4D93-8C75-B5450F5BF426}.Debug|Any CPU.ActiveCfg = Debug|Any CPU
		{184F354C-88CE-4D93-8C75-B5450F5BF426}.Debug|Any CPU.Build.0 = Debug|Any CPU
		{184F354C-88CE-4D93-8C75-B5450F5BF426}.Release|Any CPU.ActiveCfg = Release|Any CPU
		{184F354C-88CE-4D93-8C75-B5450F5BF426}.Release|Any CPU.Build.0 = Release|Any CPU
		{6690CAAC-3849-4C52-8369-081FA154AA89}.Debug|Any CPU.ActiveCfg = Debug|Any CPU
		{6690CAAC-3849-4C52-8369-081FA154AA89}.Debug|Any CPU.Build.0 = Debug|Any CPU
		{6690CAAC-3849-4C52-8369-081FA154AA89}.Release|Any CPU.ActiveCfg = Release|Any CPU
		{6690CAAC-3849-4C52-8369-081FA154AA89}.Release|Any CPU.Build.0 = Release|Any CPU
		{9F3743C7-E55E-4414-AAF8-D0920499F64D}.Debug|Any CPU.ActiveCfg = Debug|Any CPU
		{9F3743C7-E55E-4414-AAF8-D0920499F64D}.Debug|Any CPU.Build.0 = Debug|Any CPU
		{9F3743C7-E55E-4414-AAF8-D0920499F64D}.Release|Any CPU.ActiveCfg = Release|Any CPU
		{9F3743C7-E55E-4414-AAF8-D0920499F64D}.Release|Any CPU.Build.0 = Release|Any CPU
		{FF6566F1-A86D-4FB0-8D32-8DE34E9D2507}.Debug|Any CPU.ActiveCfg = Debug|Any CPU
		{FF6566F1-A86D-4FB0-8D32-8DE34E9D2507}.Debug|Any CPU.Build.0 = Debug|Any CPU
		{FF6566F1-A86D-4FB0-8D32-8DE34E9D2507}.Release|Any CPU.ActiveCfg = Release|Any CPU
		{FF6566F1-A86D-4FB0-8D32-8DE34E9D2507}.Release|Any CPU.Build.0 = Release|Any CPU
		{6D2BCF76-5CCC-4CA3-8071-52E49E70744F}.Debug|Any CPU.ActiveCfg = Debug|Any CPU
		{6D2BCF76-5CCC-4CA3-8071-52E49E70744F}.Debug|Any CPU.Build.0 = Debug|Any CPU
		{6D2BCF76-5CCC-4CA3-8071-52E49E70744F}.Release|Any CPU.ActiveCfg = Release|Any CPU
		{6D2BCF76-5CCC-4CA3-8071-52E49E70744F}.Release|Any CPU.Build.0 = Release|Any CPU
		{0E751560-0A79-4480-A84F-01C6F6F8F33A}.Debug|Any CPU.ActiveCfg = Debug|Any CPU
		{0E751560-0A79-4480-A84F-01C6F6F8F33A}.Debug|Any CPU.Build.0 = Debug|Any CPU
		{0E751560-0A79-4480-A84F-01C6F6F8F33A}.Release|Any CPU.ActiveCfg = Release|Any CPU
		{0E751560-0A79-4480-A84F-01C6F6F8F33A}.Release|Any CPU.Build.0 = Release|Any CPU
		{33BCA0B3-F28A-43C8-A141-B3CE4FFAAF76}.Debug|Any CPU.ActiveCfg = Debug|Any CPU
		{33BCA0B3-F28A-43C8-A141-B3CE4FFAAF76}.Debug|Any CPU.Build.0 = Debug|Any CPU
		{33BCA0B3-F28A-43C8-A141-B3CE4FFAAF76}.Release|Any CPU.ActiveCfg = Release|Any CPU
		{33BCA0B3-F28A-43C8-A141-B3CE4FFAAF76}.Release|Any CPU.Build.0 = Release|Any CPU
		{BF2AC702-9593-4BBD-A771-AB1AF657C401}.Debug|Any CPU.ActiveCfg = Debug|Any CPU
		{BF2AC702-9593-4BBD-A771-AB1AF657C401}.Debug|Any CPU.Build.0 = Debug|Any CPU
		{BF2AC702-9593-4BBD-A771-AB1AF657C401}.Release|Any CPU.ActiveCfg = Release|Any CPU
		{BF2AC702-9593-4BBD-A771-AB1AF657C401}.Release|Any CPU.Build.0 = Release|Any CPU
		{54DF56D0-7565-460D-B8E6-3DDFBF2D47A4}.Debug|Any CPU.ActiveCfg = Debug|Any CPU
		{54DF56D0-7565-460D-B8E6-3DDFBF2D47A4}.Debug|Any CPU.Build.0 = Debug|Any CPU
		{54DF56D0-7565-460D-B8E6-3DDFBF2D47A4}.Release|Any CPU.ActiveCfg = Release|Any CPU
		{54DF56D0-7565-460D-B8E6-3DDFBF2D47A4}.Release|Any CPU.Build.0 = Release|Any CPU
		{DF0645EB-B9CA-4681-A027-9BA116245CE8}.Debug|Any CPU.ActiveCfg = Debug|Any CPU
		{DF0645EB-B9CA-4681-A027-9BA116245CE8}.Debug|Any CPU.Build.0 = Debug|Any CPU
		{DF0645EB-B9CA-4681-A027-9BA116245CE8}.Release|Any CPU.ActiveCfg = Release|Any CPU
		{DF0645EB-B9CA-4681-A027-9BA116245CE8}.Release|Any CPU.Build.0 = Release|Any CPU
		{5A558ACE-3728-4AEA-A434-1D81E69E8A27}.Debug|Any CPU.ActiveCfg = Debug|Any CPU
		{5A558ACE-3728-4AEA-A434-1D81E69E8A27}.Debug|Any CPU.Build.0 = Debug|Any CPU
		{5A558ACE-3728-4AEA-A434-1D81E69E8A27}.Release|Any CPU.ActiveCfg = Release|Any CPU
		{5A558ACE-3728-4AEA-A434-1D81E69E8A27}.Release|Any CPU.Build.0 = Release|Any CPU
		{53F5C7E7-DEC1-4B37-B8E3-6AD76D8327A7}.Debug|Any CPU.ActiveCfg = Debug|Any CPU
		{53F5C7E7-DEC1-4B37-B8E3-6AD76D8327A7}.Debug|Any CPU.Build.0 = Debug|Any CPU
		{53F5C7E7-DEC1-4B37-B8E3-6AD76D8327A7}.Release|Any CPU.ActiveCfg = Release|Any CPU
		{53F5C7E7-DEC1-4B37-B8E3-6AD76D8327A7}.Release|Any CPU.Build.0 = Release|Any CPU
		{0E779312-023E-437F-9F44-F432A573C6F3}.Debug|Any CPU.ActiveCfg = Debug|Any CPU
		{0E779312-023E-437F-9F44-F432A573C6F3}.Debug|Any CPU.Build.0 = Debug|Any CPU
		{0E779312-023E-437F-9F44-F432A573C6F3}.Release|Any CPU.ActiveCfg = Release|Any CPU
		{0E779312-023E-437F-9F44-F432A573C6F3}.Release|Any CPU.Build.0 = Release|Any CPU
	EndGlobalSection
	GlobalSection(SolutionProperties) = preSolution
		HideSolutionNode = FALSE
	EndGlobalSection
	GlobalSection(NestedProjects) = preSolution
		{036302DC-B24A-4B7E-8CF7-D6FA8CF0F143} = {22DC72D7-8309-42BC-BFC0-1CA5BF84F42B}
		{8718CFF4-EB72-4E69-BDA3-713FABA024A3} = {22DC72D7-8309-42BC-BFC0-1CA5BF84F42B}
		{9A5247FD-1209-4618-97BC-046E83762C37} = {22DC72D7-8309-42BC-BFC0-1CA5BF84F42B}
		{E427CBB6-6FE0-4D86-A357-A14D955CAA8F} = {22DC72D7-8309-42BC-BFC0-1CA5BF84F42B}
		{9706AF27-6BF0-4E59-9DA1-C407CEE96616} = {22DC72D7-8309-42BC-BFC0-1CA5BF84F42B}
		{D2E24285-7D51-444D-B83E-43808E52183B} = {02EA681E-C7D8-13C7-8484-4AC65E1B71E8}
		{388747B1-F459-4747-96A1-B2927E5B33A7} = {D2E24285-7D51-444D-B83E-43808E52183B}
		{FD4F6124-C586-45FF-A539-C72E677FC60A} = {D2E24285-7D51-444D-B83E-43808E52183B}
		{A0E7FFE4-3E35-4AD2-92DA-4B9E7B9BBFA7} = {D2E24285-7D51-444D-B83E-43808E52183B}
		{E8AB11ED-8180-4C2A-9491-EFC084E3F5E9} = {D2E24285-7D51-444D-B83E-43808E52183B}
		{D9B36F0A-6BE0-4252-B0E8-47567B394040} = {D2E24285-7D51-444D-B83E-43808E52183B}
		{45C2DBB0-B5FB-4AB5-91BD-BD925065C829} = {02EA681E-C7D8-13C7-8484-4AC65E1B71E8}
		{32E2403C-903C-4A93-8DBB-289E814AD6F0} = {45C2DBB0-B5FB-4AB5-91BD-BD925065C829}
		{E75551F7-2C82-4A97-8F89-6CBEE69421AA} = {45C2DBB0-B5FB-4AB5-91BD-BD925065C829}
		{2E312AF4-1A1B-4645-A184-F845C3CA949C} = {45C2DBB0-B5FB-4AB5-91BD-BD925065C829}
		{13702AAC-C53C-42FE-BBF5-E7197241D982} = {45C2DBB0-B5FB-4AB5-91BD-BD925065C829}
		{25783E77-9ACB-46A0-B937-4FD02798B795} = {45C2DBB0-B5FB-4AB5-91BD-BD925065C829}
		{B92C49D7-A599-4F8A-835B-F57B3ACDA59F} = {02EA681E-C7D8-13C7-8484-4AC65E1B71E8}
		{572D5645-D4F7-44D6-BE00-C4FD1480E65B} = {02EA681E-C7D8-13C7-8484-4AC65E1B71E8}
		{8B9C594B-22B7-425B-8922-9BCC70E77BE0} = {02EA681E-C7D8-13C7-8484-4AC65E1B71E8}
		{02E74AC0-5484-45E1-9E66-6B8C8851C1C1} = {02EA681E-C7D8-13C7-8484-4AC65E1B71E8}
		{F7AF9895-48B5-42A8-A61D-E989D9FE41F5} = {02EA681E-C7D8-13C7-8484-4AC65E1B71E8}
		{C8B2456E-73CA-4994-BBDA-884C5B6CABF7} = {B92C49D7-A599-4F8A-835B-F57B3ACDA59F}
		{845B837B-C2AD-4D90-BE77-FB82A6F67BAE} = {B92C49D7-A599-4F8A-835B-F57B3ACDA59F}
		{BA82EFD9-E120-4243-A086-B9FAC8A00BF6} = {B92C49D7-A599-4F8A-835B-F57B3ACDA59F}
		{6602C83C-0551-4EBA-8E63-C6C904108C0E} = {B92C49D7-A599-4F8A-835B-F57B3ACDA59F}
		{9FE6D3F5-36F4-4770-8E93-C58BCF6552B9} = {B92C49D7-A599-4F8A-835B-F57B3ACDA59F}
		{184F354C-88CE-4D93-8C75-B5450F5BF426} = {572D5645-D4F7-44D6-BE00-C4FD1480E65B}
		{6690CAAC-3849-4C52-8369-081FA154AA89} = {572D5645-D4F7-44D6-BE00-C4FD1480E65B}
		{9F3743C7-E55E-4414-AAF8-D0920499F64D} = {572D5645-D4F7-44D6-BE00-C4FD1480E65B}
		{FF6566F1-A86D-4FB0-8D32-8DE34E9D2507} = {572D5645-D4F7-44D6-BE00-C4FD1480E65B}
		{6D2BCF76-5CCC-4CA3-8071-52E49E70744F} = {572D5645-D4F7-44D6-BE00-C4FD1480E65B}
		{0E751560-0A79-4480-A84F-01C6F6F8F33A} = {8B9C594B-22B7-425B-8922-9BCC70E77BE0}
		{33BCA0B3-F28A-43C8-A141-B3CE4FFAAF76} = {8B9C594B-22B7-425B-8922-9BCC70E77BE0}
		{BF2AC702-9593-4BBD-A771-AB1AF657C401} = {8B9C594B-22B7-425B-8922-9BCC70E77BE0}
		{54DF56D0-7565-460D-B8E6-3DDFBF2D47A4} = {02E74AC0-5484-45E1-9E66-6B8C8851C1C1}
		{DF0645EB-B9CA-4681-A027-9BA116245CE8} = {02E74AC0-5484-45E1-9E66-6B8C8851C1C1}
		{5A558ACE-3728-4AEA-A434-1D81E69E8A27} = {F7AF9895-48B5-42A8-A61D-E989D9FE41F5}
		{53F5C7E7-DEC1-4B37-B8E3-6AD76D8327A7} = {F7AF9895-48B5-42A8-A61D-E989D9FE41F5}
		{0E779312-023E-437F-9F44-F432A573C6F3} = {D26999BF-094D-423F-ACC0-4178F3FF4DED}
	EndGlobalSection
	GlobalSection(ExtensibilityGlobals) = postSolution
		SolutionGuid = {D318C19E-6C3E-4702-934C-B07DC86EA817}
	EndGlobalSection
EndGlobal
